{
  "requires": true,
  "lockfileVersion": 1,
  "dependencies": {
    "browser-detect": {
      "version": "0.2.28",
      "resolved": "https://registry.npmjs.org/browser-detect/-/browser-detect-0.2.28.tgz",
      "integrity": "sha512-KeWGHqYQmHDkCFG2dIiX/2wFUgqevbw/rd6wNi9N6rZbaSJFtG5kel0HtprRwCGp8sqpQP79LzDJXf/WCx4WAw==",
      "requires": {
        "core-js": "^2.5.7"
      }
    },
    "core-js": {
      "version": "2.6.12",
      "resolved": "https://registry.npmjs.org/core-js/-/core-js-2.6.12.tgz",
      "integrity": "sha512-Kb2wC0fvsWfQrgk8HU5lW6U/Lcs8+9aaYcy4ZFc6DDlo4nZ7n70dEgE5rtR0oG6ufKDUnrwfWL1mXR5ljDatrQ=="
    }
  }
}
